{
    "_readme": [
        "This file locks the dependencies of your project to a known state",
        "Read more about it at https://getcomposer.org/doc/01-basic-usage.md#composer-lock-the-lock-file",
        "This file is @generated automatically"
    ],
    "hash": "43cfc6b672f7cb1fe4830779da76ffe2",
    "content-hash": "79225f918b68d1ef5094f5edf6695fc9",
    "packages": [
        {
            "name": "pimple/pimple",
            "version": "dev-master",
            "source": {
                "type": "git",
                "url": "https://github.com/silexphp/Pimple.git",
                "reference": "64e0f8320639b434baa073a40dd1e037e3286555"
            },
            "dist": {
                "type": "zip",
                "url": "https://api.github.com/repos/silexphp/Pimple/zipball/64e0f8320639b434baa073a40dd1e037e3286555",
                "reference": "64e0f8320639b434baa073a40dd1e037e3286555",
                "shasum": ""
            },
            "require": {
                "php": ">=5.3.0"
            },
            "type": "library",
            "extra": {
                "branch-alias": {
                    "dev-master": "3.0.x-dev"
                }
            },
            "autoload": {
                "psr-0": {
                    "Pimple": "src/"
                }
            },
            "notification-url": "https://packagist.org/downloads/",
            "license": [
                "MIT"
            ],
            "authors": [
                {
                    "name": "Fabien Potencier",
                    "email": "fabien@symfony.com"
                }
            ],
            "description": "Pimple, a simple Dependency Injection Container",
            "homepage": "http://pimple.sensiolabs.org",
            "keywords": [
                "container",
                "dependency injection"
            ],
            "time": "2015-09-11 15:11:22"
        },
        {
            "name": "weew/php-helpers-array",
            "version": "v1.0.0",
            "source": {
                "type": "git",
                "url": "https://github.com/weew/php-helpers-array.git",
                "reference": "f2efa309c9e7ddefa888ef0b6b252051c527b0fc"
            },
            "dist": {
                "type": "zip",
                "url": "https://api.github.com/repos/weew/php-helpers-array/zipball/f2efa309c9e7ddefa888ef0b6b252051c527b0fc",
                "reference": "f2efa309c9e7ddefa888ef0b6b252051c527b0fc",
                "shasum": ""
            },
            "require-dev": {
                "phpunit/phpunit": "^4.7",
                "satooshi/php-coveralls": "^0.6.1"
            },
            "type": "library",
            "autoload": {
                "files": [
                    "src/array.php"
                ]
            },
            "notification-url": "https://packagist.org/downloads/",
            "license": [
                "MIT"
            ],
            "authors": [
                {
                    "name": "Maxim Kott",
                    "email": "maximkott@gmail.com"
                }
            ],
            "description": "Useful collection of php array helpers.",
            "time": "2015-11-13 08:23:17"
        }
    ],
    "packages-dev": [],
    "aliases": [],
    "minimum-stability": "dev",
    "stability-flags": [],
    "prefer-stable": false,
    "prefer-lowest": false,
    "platform": {
        "php": ">=5.4.0"
    },
    "platform-dev": []
}
